
Microsoft Visual Studio Solution File, Format Version 12.00
# Visual Studio 15
VisualStudioVersion = 15.0.28307.1340
MinimumVisualStudioVersion = 10.0.40219.1
Project("{9A19103F-16F7-4668-BE54-9A1E7A4F7556}") = "wiki_example", "wiki_example.csproj", "{46DC21CB-0FB0-42B0-850D-F6E43E0A43A1}"
EndProject
Project("{9A19103F-16F7-4668-BE54-9A1E7A4F7556}") = "BinaryNotes.NET", "..\BinaryNotes.NET\BinaryNotes.NET.csproj", "{AE45A784-7831-46DE-86F4-A705D71CE26B}"
EndProject
Global
	GlobalSection(SolutionConfigurationPlatforms) = preSolution
		Debug|Any CPU = Debug|Any CPU
		Release|Any CPU = Release|Any CPU
	EndGlobalSection
	GlobalSection(ProjectConfigurationPlatforms) = postSolution
		{46DC21CB-0FB0-42B0-850D-F6E43E0A43A1}.Debug|Any CPU.ActiveCfg = Debug|Any CPU
		{46DC21CB-0FB0-42B0-850D-F6E43E0A43A1}.Debug|Any CPU.Build.0 = Debug|Any CPU
		{46DC21CB-0FB0-42B0-850D-F6E43E0A43A1}.Release|Any CPU.ActiveCfg = Release|Any CPU
		{46DC21CB-0FB0-42B0-850D-F6E43E0A43A1}.Release|Any CPU.Build.0 = Release|Any CPU
		{AE45A784-7831-46DE-86F4-A705D71CE26B}.Debug|Any CPU.ActiveCfg = Debug|Any CPU
		{AE45A784-7831-46DE-86F4-A705D71CE26B}.Debug|Any CPU.Build.0 = Debug|Any CPU
		{AE45A784-7831-46DE-86F4-A705D71CE26B}.Release|Any CPU.ActiveCfg = Release|Any CPU
		{AE45A784-7831-46DE-86F4-A705D71CE26B}.Release|Any CPU.Build.0 = Release|Any CPU
	EndGlobalSection
	GlobalSection(SolutionProperties) = preSolution
		HideSolutionNode = FALSE
	EndGlobalSection
	GlobalSection(ExtensibilityGlobals) = postSolution
		SolutionGuid = {32057370-F05D-48DA-976D-29F2A4406143}
	EndGlobalSection
EndGlobal
