
Microsoft Visual Studio Solution File, Format Version 12.00
# Visual Studio 15
VisualStudioVersion = 15.0.28307.1340
MinimumVisualStudioVersion = 10.0.40219.1
Project("{9A19103F-16F7-4668-BE54-9A1E7A4F7556}") = "BinaryNotes", "BinaryNotes.csproj", "{22C8E9A4-3742-4FE5-8C4B-A785BF12864C}"
EndProject
Project("{9A19103F-16F7-4668-BE54-9A1E7A4F7556}") = "Tests", "Tests\Tests.csproj", "{C72EB3E3-51FF-4CAD-940F-500D76B96CF9}"
EndProject
Global
	GlobalSection(SolutionConfigurationPlatforms) = preSolution
		Debug|Any CPU = Debug|Any CPU
		Release|Any CPU = Release|Any CPU
	EndGlobalSection
	GlobalSection(ProjectConfigurationPlatforms) = postSolution
		{22C8E9A4-3742-4FE5-8C4B-A785BF12864C}.Debug|Any CPU.ActiveCfg = Debug|Any CPU
		{22C8E9A4-3742-4FE5-8C4B-A785BF12864C}.Debug|Any CPU.Build.0 = Debug|Any CPU
		{22C8E9A4-3742-4FE5-8C4B-A785BF12864C}.Release|Any CPU.ActiveCfg = Release|Any CPU
		{22C8E9A4-3742-4FE5-8C4B-A785BF12864C}.Release|Any CPU.Build.0 = Release|Any CPU
		{C72EB3E3-51FF-4CAD-940F-500D76B96CF9}.Debug|Any CPU.ActiveCfg = Debug|Any CPU
		{C72EB3E3-51FF-4CAD-940F-500D76B96CF9}.Debug|Any CPU.Build.0 = Debug|Any CPU
		{C72EB3E3-51FF-4CAD-940F-500D76B96CF9}.Release|Any CPU.ActiveCfg = Release|Any CPU
		{C72EB3E3-51FF-4CAD-940F-500D76B96CF9}.Release|Any CPU.Build.0 = Release|Any CPU
	EndGlobalSection
	GlobalSection(SolutionProperties) = preSolution
		HideSolutionNode = FALSE
	EndGlobalSection
	GlobalSection(ExtensibilityGlobals) = postSolution
		SolutionGuid = {7B282EA4-71C4-46EB-99D1-5A38DF5F026F}
	EndGlobalSection
EndGlobal
